
Microsoft Visual Studio Solution File, Format Version 12.00
# Visual Studio Version 16
VisualStudioVersion = 16.0.29926.136
MinimumVisualStudioVersion = 10.0.40219.1
Project("{FAE04EC0-301F-11D3-BF4B-00C04F79EFBC}") = "Main", "Main\Main.csproj", "{00CCB249-66F0-4C23-AED8-100342A8B803}"
EndProject
Project("{FAE04EC0-301F-11D3-BF4B-00C04F79EFBC}") = "BLL", "BLL\BLL.csproj", "{7995819F-DFE8-45E5-B9FD-A5CE307B8288}"
EndProject
Project("{FAE04EC0-301F-11D3-BF4B-00C04F79EFBC}") = "Services", "Services\Services.csproj", "{BF0C5689-5527-4DBE-B304-DB2EDD0FBAF0}"
EndProject
Global
	GlobalSection(SolutionConfigurationPlatforms) = preSolution
		Debug|Any CPU = Debug|Any CPU
		Release|Any CPU = Release|Any CPU
	EndGlobalSection
	GlobalSection(ProjectConfigurationPlatforms) = postSolution
		{00CCB249-66F0-4C23-AED8-100342A8B803}.Debug|Any CPU.ActiveCfg = Debug|Any CPU
		{00CCB249-66F0-4C23-AED8-100342A8B803}.Debug|Any CPU.Build.0 = Debug|Any CPU
		{00CCB249-66F0-4C23-AED8-100342A8B803}.Release|Any CPU.ActiveCfg = Release|Any CPU
		{00CCB249-66F0-4C23-AED8-100342A8B803}.Release|Any CPU.Build.0 = Release|Any CPU
		{7995819F-DFE8-45E5-B9FD-A5CE307B8288}.Debug|Any CPU.ActiveCfg = Debug|Any CPU
		{7995819F-DFE8-45E5-B9FD-A5CE307B8288}.Debug|Any CPU.Build.0 = Debug|Any CPU
		{7995819F-DFE8-45E5-B9FD-A5CE307B8288}.Release|Any CPU.ActiveCfg = Release|Any CPU
		{7995819F-DFE8-45E5-B9FD-A5CE307B8288}.Release|Any CPU.Build.0 = Release|Any CPU
		{BF0C5689-5527-4DBE-B304-DB2EDD0FBAF0}.Debug|Any CPU.ActiveCfg = Debug|Any CPU
		{BF0C5689-5527-4DBE-B304-DB2EDD0FBAF0}.Debug|Any CPU.Build.0 = Debug|Any CPU
		{BF0C5689-5527-4DBE-B304-DB2EDD0FBAF0}.Release|Any CPU.ActiveCfg = Release|Any CPU
		{BF0C5689-5527-4DBE-B304-DB2EDD0FBAF0}.Release|Any CPU.Build.0 = Release|Any CPU
	EndGlobalSection
	GlobalSection(SolutionProperties) = preSolution
		HideSolutionNode = FALSE
	EndGlobalSection
	GlobalSection(ExtensibilityGlobals) = postSolution
		SolutionGuid = {D12324B9-7705-44CE-A0AE-5EE3072CD97F}
	EndGlobalSection
EndGlobal
